
Microsoft Visual Studio Solution File, Format Version 12.00
# Visual Studio 15
VisualStudioVersion = 15.0.28010.0
MinimumVisualStudioVersion = 10.0.40219.1
Project("{FAE04EC0-301F-11D3-BF4B-00C04F79EFBC}") = "Template", "Template\Template.csproj", "{D6ABA098-70C6-4020-9D22-AA63A7EAC999}"
EndProject
Global
	GlobalSection(SolutionConfigurationPlatforms) = preSolution
		Debug|Any CPU = Debug|Any CPU
		Release|Any CPU = Release|Any CPU
	EndGlobalSection
	GlobalSection(ProjectConfigurationPlatforms) = postSolution
		{D6ABA098-70C6-4020-9D22-AA63A7EAC999}.Debug|Any CPU.ActiveCfg = Debug|Any CPU
		{D6ABA098-70C6-4020-9D22-AA63A7EAC999}.Debug|Any CPU.Build.0 = Debug|Any CPU
		{D6ABA098-70C6-4020-9D22-AA63A7EAC999}.Release|Any CPU.ActiveCfg = Release|Any CPU
		{D6ABA098-70C6-4020-9D22-AA63A7EAC999}.Release|Any CPU.Build.0 = Release|Any CPU
	EndGlobalSection
	GlobalSection(SolutionProperties) = preSolution
		HideSolutionNode = FALSE
	EndGlobalSection
	GlobalSection(ExtensibilityGlobals) = postSolution
		SolutionGuid = {3FA08D17-388F-4328-B1DB-DA753549081B}
	EndGlobalSection
EndGlobal
