
Microsoft Visual Studio Solution File, Format Version 12.00
# Visual Studio 15
VisualStudioVersion = 15.0.28010.0
MinimumVisualStudioVersion = 10.0.40219.1
Project("{FAE04EC0-301F-11D3-BF4B-00C04F79EFBC}") = "State", "State\State.csproj", "{7E3490BE-1458-45E8-8CFF-9D15119B9E90}"
EndProject
Global
	GlobalSection(SolutionConfigurationPlatforms) = preSolution
		Debug|Any CPU = Debug|Any CPU
		Release|Any CPU = Release|Any CPU
	EndGlobalSection
	GlobalSection(ProjectConfigurationPlatforms) = postSolution
		{7E3490BE-1458-45E8-8CFF-9D15119B9E90}.Debug|Any CPU.ActiveCfg = Debug|Any CPU
		{7E3490BE-1458-45E8-8CFF-9D15119B9E90}.Debug|Any CPU.Build.0 = Debug|Any CPU
		{7E3490BE-1458-45E8-8CFF-9D15119B9E90}.Release|Any CPU.ActiveCfg = Release|Any CPU
		{7E3490BE-1458-45E8-8CFF-9D15119B9E90}.Release|Any CPU.Build.0 = Release|Any CPU
	EndGlobalSection
	GlobalSection(SolutionProperties) = preSolution
		HideSolutionNode = FALSE
	EndGlobalSection
	GlobalSection(ExtensibilityGlobals) = postSolution
		SolutionGuid = {7A64120A-66E9-4959-8976-E9EA523B9D06}
	EndGlobalSection
EndGlobal
