
Microsoft Visual Studio Solution File, Format Version 12.00
# Visual Studio 15
VisualStudioVersion = 15.0.28010.0
MinimumVisualStudioVersion = 10.0.40219.1
Project("{FAE04EC0-301F-11D3-BF4B-00C04F79EFBC}") = "Iterator", "Iterator\Iterator.csproj", "{29F54190-CE9D-4A0A-9FAC-1C6BBCE7B063}"
EndProject
Global
	GlobalSection(SolutionConfigurationPlatforms) = preSolution
		Debug|Any CPU = Debug|Any CPU
		Release|Any CPU = Release|Any CPU
	EndGlobalSection
	GlobalSection(ProjectConfigurationPlatforms) = postSolution
		{29F54190-CE9D-4A0A-9FAC-1C6BBCE7B063}.Debug|Any CPU.ActiveCfg = Debug|Any CPU
		{29F54190-CE9D-4A0A-9FAC-1C6BBCE7B063}.Debug|Any CPU.Build.0 = Debug|Any CPU
		{29F54190-CE9D-4A0A-9FAC-1C6BBCE7B063}.Release|Any CPU.ActiveCfg = Release|Any CPU
		{29F54190-CE9D-4A0A-9FAC-1C6BBCE7B063}.Release|Any CPU.Build.0 = Release|Any CPU
	EndGlobalSection
	GlobalSection(SolutionProperties) = preSolution
		HideSolutionNode = FALSE
	EndGlobalSection
	GlobalSection(ExtensibilityGlobals) = postSolution
		SolutionGuid = {07CD1EB9-4A60-4313-8CA1-58863A91C8B4}
	EndGlobalSection
EndGlobal
